// !$*UTF8*$!
{
	archiveVersion = 1;
	classes = {
	};
	objectVersion = 56;
	objects = {

/* Begin PBXBuildFile section */
		C00662F42CA34D4E0070C53B /* WeatherNowApp.swift in Sources */ = {isa = PBXBuildFile; fileRef = C00662F32CA34D4E0070C53B /* WeatherNowApp.swift */; };
		C00662F62CA34D4E0070C53B /* ContentView.swift in Sources */ = {isa = PBXBuildFile; fileRef = C00662F52CA34D4E0070C53B /* ContentView.swift */; };
		C00662F82CA34D4F0070C53B /* Assets.xcassets in Resources */ = {isa = PBXBuildFile; fileRef = C00662F72CA34D4F0070C53B /* Assets.xcassets */; };
		C00662FB2CA34D4F0070C53B /* Preview Assets.xcassets in Resources */ = {isa = PBXBuildFile; fileRef = C00662FA2CA34D4F0070C53B /* Preview Assets.xcassets */; };
		C00663052CA34D4F0070C53B /* WeatherNowTests.swift in Sources */ = {isa = PBXBuildFile; fileRef = C00663042CA34D4F0070C53B /* WeatherNowTests.swift */; };
		C006630F2CA34D4F0070C53B /* WeatherNowUITests.swift in Sources */ = {isa = PBXBuildFile; fileRef = C006630E2CA34D4F0070C53B /* WeatherNowUITests.swift */; };
		C00663112CA34D4F0070C53B /* WeatherNowUITestsLaunchTests.swift in Sources */ = {isa = PBXBuildFile; fileRef = C00663102CA34D4F0070C53B /* WeatherNowUITestsLaunchTests.swift */; };
		C006631E2CA3518F0070C53B /* BackgroundView.swift in Sources */ = {isa = PBXBuildFile; fileRef = C006631D2CA3518F0070C53B /* BackgroundView.swift */; };
		C00663212CA3551D0070C53B /* SearchBar.swift in Sources */ = {isa = PBXBuildFile; fileRef = C00663202CA3551D0070C53B /* SearchBar.swift */; };
		C00663232CA35C440070C53B /* WeatherModel.swift in Sources */ = {isa = PBXBuildFile; fileRef = C00663222CA35C440070C53B /* WeatherModel.swift */; };
		C006632A2CA431A00070C53B /* TemperatureToggleButton.swift in Sources */ = {isa = PBXBuildFile; fileRef = C00663292CA431A00070C53B /* TemperatureToggleButton.swift */; };
		C006632C2CA4347F0070C53B /* City.swift in Sources */ = {isa = PBXBuildFile; fileRef = C006632B2CA4347F0070C53B /* City.swift */; };
		C006632E2CA436130070C53B /* FavoritesModel.swift in Sources */ = {isa = PBXBuildFile; fileRef = C006632D2CA436130070C53B /* FavoritesModel.swift */; };
		C00663302CA439690070C53B /* FavoriteCitiesView.swift in Sources */ = {isa = PBXBuildFile; fileRef = C006632F2CA439690070C53B /* FavoriteCitiesView.swift */; };
		C00663322CA43B0D0070C53B /* OpaqueRoundedRectView.swift in Sources */ = {isa = PBXBuildFile; fileRef = C00663312CA43B0D0070C53B /* OpaqueRoundedRectView.swift */; };
		C00663342CA43C370070C53B /* StyledVStack.swift in Sources */ = {isa = PBXBuildFile; fileRef = C00663332CA43C370070C53B /* StyledVStack.swift */; };
/* End PBXBuildFile section */

/* Begin PBXContainerItemProxy section */
		C00663012CA34D4F0070C53B /* PBXContainerItemProxy */ = {
			isa = PBXContainerItemProxy;
			containerPortal = C00662E82CA34D4E0070C53B /* Project object */;
			proxyType = 1;
			remoteGlobalIDString = C00662EF2CA34D4E0070C53B;
			remoteInfo = WeatherNow;
		};
		C006630B2CA34D4F0070C53B /* PBXContainerItemProxy */ = {
			isa = PBXContainerItemProxy;
			containerPortal = C00662E82CA34D4E0070C53B /* Project object */;
			proxyType = 1;
			remoteGlobalIDString = C00662EF2CA34D4E0070C53B;
			remoteInfo = WeatherNow;
		};
/* End PBXContainerItemProxy section */

/* Begin PBXFileReference section */
		C00662F02CA34D4E0070C53B /* WeatherNow.app */ = {isa = PBXFileReference; explicitFileType = wrapper.application; includeInIndex = 0; path = WeatherNow.app; sourceTree = BUILT_PRODUCTS_DIR; };
		C00662F32CA34D4E0070C53B /* WeatherNowApp.swift */ = {isa = PBXFileReference; lastKnownFileType = sourcecode.swift; path = WeatherNowApp.swift; sourceTree = "<group>"; };
		C00662F52CA34D4E0070C53B /* ContentView.swift */ = {isa = PBXFileReference; lastKnownFileType = sourcecode.swift; path = ContentView.swift; sourceTree = "<group>"; };
		C00662F72CA34D4F0070C53B /* Assets.xcassets */ = {isa = PBXFileReference; lastKnownFileType = folder.assetcatalog; path = Assets.xcassets; sourceTree = "<group>"; };
		C00662FA2CA34D4F0070C53B /* Preview Assets.xcassets */ = {isa = PBXFileReference; lastKnownFileType = folder.assetcatalog; path = "Preview Assets.xcassets"; sourceTree = "<group>"; };
		C00663002CA34D4F0070C53B /* WeatherNowTests.xctest */ = {isa = PBXFileReference; explicitFileType = wrapper.cfbundle; includeInIndex = 0; path = WeatherNowTests.xctest; sourceTree = BUILT_PRODUCTS_DIR; };
		C00663042CA34D4F0070C53B /* WeatherNowTests.swift */ = {isa = PBXFileReference; lastKnownFileType = sourcecode.swift; path = WeatherNowTests.swift; sourceTree = "<group>"; };
		C006630A2CA34D4F0070C53B /* WeatherNowUITests.xctest */ = {isa = PBXFileReference; explicitFileType = wrapper.cfbundle; includeInIndex = 0; path = WeatherNowUITests.xctest; sourceTree = BUILT_PRODUCTS_DIR; };
		C006630E2CA34D4F0070C53B /* WeatherNowUITests.swift */ = {isa = PBXFileReference; lastKnownFileType = sourcecode.swift; path = WeatherNowUITests.swift; sourceTree = "<group>"; };
		C00663102CA34D4F0070C53B /* WeatherNowUITestsLaunchTests.swift */ = {isa = PBXFileReference; lastKnownFileType = sourcecode.swift; path = WeatherNowUITestsLaunchTests.swift; sourceTree = "<group>"; };
		C006631D2CA3518F0070C53B /* BackgroundView.swift */ = {isa = PBXFileReference; lastKnownFileType = sourcecode.swift; path = BackgroundView.swift; sourceTree = "<group>"; };
		C00663202CA3551D0070C53B /* SearchBar.swift */ = {isa = PBXFileReference; lastKnownFileType = sourcecode.swift; path = SearchBar.swift; sourceTree = "<group>"; };
		C00663222CA35C440070C53B /* WeatherModel.swift */ = {isa = PBXFileReference; lastKnownFileType = sourcecode.swift; path = WeatherModel.swift; sourceTree = "<group>"; };
		C00663292CA431A00070C53B /* TemperatureToggleButton.swift */ = {isa = PBXFileReference; lastKnownFileType = sourcecode.swift; path = TemperatureToggleButton.swift; sourceTree = "<group>"; };
		C006632B2CA4347F0070C53B /* City.swift */ = {isa = PBXFileReference; lastKnownFileType = sourcecode.swift; path = City.swift; sourceTree = "<group>"; };
		C006632D2CA436130070C53B /* FavoritesModel.swift */ = {isa = PBXFileReference; lastKnownFileType = sourcecode.swift; path = FavoritesModel.swift; sourceTree = "<group>"; };
		C006632F2CA439690070C53B /* FavoriteCitiesView.swift */ = {isa = PBXFileReference; lastKnownFileType = sourcecode.swift; path = FavoriteCitiesView.swift; sourceTree = "<group>"; };
		C00663312CA43B0D0070C53B /* OpaqueRoundedRectView.swift */ = {isa = PBXFileReference; lastKnownFileType = sourcecode.swift; path = OpaqueRoundedRectView.swift; sourceTree = "<group>"; };
		C00663332CA43C370070C53B /* StyledVStack.swift */ = {isa = PBXFileReference; lastKnownFileType = sourcecode.swift; path = StyledVStack.swift; sourceTree = "<group>"; };
/* End PBXFileReference section */

/* Begin PBXFrameworksBuildPhase section */
		C00662ED2CA34D4E0070C53B /* Frameworks */ = {
			isa = PBXFrameworksBuildPhase;
			buildActionMask = 2147483647;
			files = (
			);
			runOnlyForDeploymentPostprocessing = 0;
		};
		C00662FD2CA34D4F0070C53B /* Frameworks */ = {
			isa = PBXFrameworksBuildPhase;
			buildActionMask = 2147483647;
			files = (
			);
			runOnlyForDeploymentPostprocessing = 0;
		};
		C00663072CA34D4F0070C53B /* Frameworks */ = {
			isa = PBXFrameworksBuildPhase;
			buildActionMask = 2147483647;
			files = (
			);
			runOnlyForDeploymentPostprocessing = 0;
		};
/* End PBXFrameworksBuildPhase section */

/* Begin PBXGroup section */
		C00662E72CA34D4E0070C53B = {
			isa = PBXGroup;
			children = (
				C00662F22CA34D4E0070C53B /* WeatherNow */,
				C00663032CA34D4F0070C53B /* WeatherNowTests */,
				C006630D2CA34D4F0070C53B /* WeatherNowUITests */,
				C00662F12CA34D4E0070C53B /* Products */,
			);
			sourceTree = "<group>";
		};
		C00662F12CA34D4E0070C53B /* Products */ = {
			isa = PBXGroup;
			children = (
				C00662F02CA34D4E0070C53B /* WeatherNow.app */,
				C00663002CA34D4F0070C53B /* WeatherNowTests.xctest */,
				C006630A2CA34D4F0070C53B /* WeatherNowUITests.xctest */,
			);
			name = Products;
			sourceTree = "<group>";
		};
		C00662F22CA34D4E0070C53B /* WeatherNow */ = {
			isa = PBXGroup;
			children = (
				C00662F32CA34D4E0070C53B /* WeatherNowApp.swift */,
				C00662F52CA34D4E0070C53B /* ContentView.swift */,
				C00662F72CA34D4F0070C53B /* Assets.xcassets */,
				C00662F92CA34D4F0070C53B /* Preview Content */,
				C006631F2CA353530070C53B /* Views */,
				C00663242CA35C5E0070C53B /* Model */,
			);
			path = WeatherNow;
			sourceTree = "<group>";
		};
		C00662F92CA34D4F0070C53B /* Preview Content */ = {
			isa = PBXGroup;
			children = (
				C00662FA2CA34D4F0070C53B /* Preview Assets.xcassets */,
			);
			path = "Preview Content";
			sourceTree = "<group>";
		};
		C00663032CA34D4F0070C53B /* WeatherNowTests */ = {
			isa = PBXGroup;
			children = (
				C00663042CA34D4F0070C53B /* WeatherNowTests.swift */,
			);
			path = WeatherNowTests;
			sourceTree = "<group>";
		};
		C006630D2CA34D4F0070C53B /* WeatherNowUITests */ = {
			isa = PBXGroup;
			children = (
				C006630E2CA34D4F0070C53B /* WeatherNowUITests.swift */,
				C00663102CA34D4F0070C53B /* WeatherNowUITestsLaunchTests.swift */,
			);
			path = WeatherNowUITests;
			sourceTree = "<group>";
		};
		C006631F2CA353530070C53B /* Views */ = {
			isa = PBXGroup;
			children = (
				C006631D2CA3518F0070C53B /* BackgroundView.swift */,
				C00663202CA3551D0070C53B /* SearchBar.swift */,
				C00663292CA431A00070C53B /* TemperatureToggleButton.swift */,
				C006632F2CA439690070C53B /* FavoriteCitiesView.swift */,
				C00663312CA43B0D0070C53B /* OpaqueRoundedRectView.swift */,
				C00663332CA43C370070C53B /* StyledVStack.swift */,
			);
			path = Views;
			sourceTree = "<group>";
		};
		C00663242CA35C5E0070C53B /* Model */ = {
			isa = PBXGroup;
			children = (
				C00663222CA35C440070C53B /* WeatherModel.swift */,
				C006632B2CA4347F0070C53B /* City.swift */,
				C006632D2CA436130070C53B /* FavoritesModel.swift */,
			);
			path = Model;
			sourceTree = "<group>";
		};
/* End PBXGroup section */

/* Begin PBXNativeTarget section */
		C00662EF2CA34D4E0070C53B /* WeatherNow */ = {
			isa = PBXNativeTarget;
			buildConfigurationList = C00663142CA34D4F0070C53B /* Build configuration list for PBXNativeTarget "WeatherNow" */;
			buildPhases = (
				C00662EC2CA34D4E0070C53B /* Sources */,
				C00662ED2CA34D4E0070C53B /* Frameworks */,
				C00662EE2CA34D4E0070C53B /* Resources */,
			);
			buildRules = (
			);
			dependencies = (
			);
			name = WeatherNow;
			productName = WeatherNow;
			productReference = C00662F02CA34D4E0070C53B /* WeatherNow.app */;
			productType = "com.apple.product-type.application";
		};
		C00662FF2CA34D4F0070C53B /* WeatherNowTests */ = {
			isa = PBXNativeTarget;
			buildConfigurationList = C00663172CA34D4F0070C53B /* Build configuration list for PBXNativeTarget "WeatherNowTests" */;
			buildPhases = (
				C00662FC2CA34D4F0070C53B /* Sources */,
				C00662FD2CA34D4F0070C53B /* Frameworks */,
				C00662FE2CA34D4F0070C53B /* Resources */,
			);
			buildRules = (
			);
			dependencies = (
				C00663022CA34D4F0070C53B /* PBXTargetDependency */,
			);
			name = WeatherNowTests;
			productName = WeatherNowTests;
			productReference = C00663002CA34D4F0070C53B /* WeatherNowTests.xctest */;
			productType = "com.apple.product-type.bundle.unit-test";
		};
		C00663092CA34D4F0070C53B /* WeatherNowUITests */ = {
			isa = PBXNativeTarget;
			buildConfigurationList = C006631A2CA34D4F0070C53B /* Build configuration list for PBXNativeTarget "WeatherNowUITests" */;
			buildPhases = (
				C00663062CA34D4F0070C53B /* Sources */,
				C00663072CA34D4F0070C53B /* Frameworks */,
				C00663082CA34D4F0070C53B /* Resources */,
			);
			buildRules = (
			);
			dependencies = (
				C006630C2CA34D4F0070C53B /* PBXTargetDependency */,
			);
			name = WeatherNowUITests;
			productName = WeatherNowUITests;
			productReference = C006630A2CA34D4F0070C53B /* WeatherNowUITests.xctest */;
			productType = "com.apple.product-type.bundle.ui-testing";
		};
/* End PBXNativeTarget section */

/* Begin PBXProject section */
		C00662E82CA34D4E0070C53B /* Project object */ = {
			isa = PBXProject;
			attributes = {
				BuildIndependentTargetsInParallel = 1;
				LastSwiftUpdateCheck = 1540;
				LastUpgradeCheck = 1540;
				TargetAttributes = {
					C00662EF2CA34D4E0070C53B = {
						CreatedOnToolsVersion = 15.4;
					};
					C00662FF2CA34D4F0070C53B = {
						CreatedOnToolsVersion = 15.4;
						TestTargetID = C00662EF2CA34D4E0070C53B;
					};
					C00663092CA34D4F0070C53B = {
						CreatedOnToolsVersion = 15.4;
						TestTargetID = C00662EF2CA34D4E0070C53B;
					};
				};
			};
			buildConfigurationList = C00662EB2CA34D4E0070C53B /* Build configuration list for PBXProject "WeatherNow" */;
			compatibilityVersion = "Xcode 14.0";
			developmentRegion = en;
			hasScannedForEncodings = 0;
			knownRegions = (
				en,
				Base,
			);
			mainGroup = C00662E72CA34D4E0070C53B;
			productRefGroup = C00662F12CA34D4E0070C53B /* Products */;
			projectDirPath = "";
			projectRoot = "";
			targets = (
				C00662EF2CA34D4E0070C53B /* WeatherNow */,
				C00662FF2CA34D4F0070C53B /* WeatherNowTests */,
				C00663092CA34D4F0070C53B /* WeatherNowUITests */,
			);
		};
/* End PBXProject section */

/* Begin PBXResourcesBuildPhase section */
		C00662EE2CA34D4E0070C53B /* Resources */ = {
			isa = PBXResourcesBuildPhase;
			buildActionMask = 2147483647;
			files = (
				C00662FB2CA34D4F0070C53B /* Preview Assets.xcassets in Resources */,
				C00662F82CA34D4F0070C53B /* Assets.xcassets in Resources */,
			);
			runOnlyForDeploymentPostprocessing = 0;
		};
		C00662FE2CA34D4F0070C53B /* Resources */ = {
			isa = PBXResourcesBuildPhase;
			buildActionMask = 2147483647;
			files = (
			);
			runOnlyForDeploymentPostprocessing = 0;
		};
		C00663082CA34D4F0070C53B /* Resources */ = {
			isa = PBXResourcesBuildPhase;
			buildActionMask = 2147483647;
			files = (
			);
			runOnlyForDeploymentPostprocessing = 0;
		};
/* End PBXResourcesBuildPhase section */

/* Begin PBXSourcesBuildPhase section */
		C00662EC2CA34D4E0070C53B /* Sources */ = {
			isa = PBXSourcesBuildPhase;
			buildActionMask = 2147483647;
			files = (
				C006631E2CA3518F0070C53B /* BackgroundView.swift in Sources */,
				C00663212CA3551D0070C53B /* SearchBar.swift in Sources */,
				C006632A2CA431A00070C53B /* TemperatureToggleButton.swift in Sources */,
				C006632E2CA436130070C53B /* FavoritesModel.swift in Sources */,
				C00662F62CA34D4E0070C53B /* ContentView.swift in Sources */,
				C00662F42CA34D4E0070C53B /* WeatherNowApp.swift in Sources */,
				C00663302CA439690070C53B /* FavoriteCitiesView.swift in Sources */,
				C00663322CA43B0D0070C53B /* OpaqueRoundedRectView.swift in Sources */,
				C00663232CA35C440070C53B /* WeatherModel.swift in Sources */,
				C00663342CA43C370070C53B /* StyledVStack.swift in Sources */,
				C006632C2CA4347F0070C53B /* City.swift in Sources */,
			);
			runOnlyForDeploymentPostprocessing = 0;
		};
		C00662FC2CA34D4F0070C53B /* Sources */ = {
			isa = PBXSourcesBuildPhase;
			buildActionMask = 2147483647;
			files = (
				C00663052CA34D4F0070C53B /* WeatherNowTests.swift in Sources */,
			);
			runOnlyForDeploymentPostprocessing = 0;
		};
		C00663062CA34D4F0070C53B /* Sources */ = {
			isa = PBXSourcesBuildPhase;
			buildActionMask = 2147483647;
			files = (
				C00663112CA34D4F0070C53B /* WeatherNowUITestsLaunchTests.swift in Sources */,
				C006630F2CA34D4F0070C53B /* WeatherNowUITests.swift in Sources */,
			);
			runOnlyForDeploymentPostprocessing = 0;
		};
/* End PBXSourcesBuildPhase section */

/* Begin PBXTargetDependency section */
		C00663022CA34D4F0070C53B /* PBXTargetDependency */ = {
			isa = PBXTargetDependency;
			target = C00662EF2CA34D4E0070C53B /* WeatherNow */;
			targetProxy = C00663012CA34D4F0070C53B /* PBXContainerItemProxy */;
		};
		C006630C2CA34D4F0070C53B /* PBXTargetDependency */ = {
			isa = PBXTargetDependency;
			target = C00662EF2CA34D4E0070C53B /* WeatherNow */;
			targetProxy = C006630B2CA34D4F0070C53B /* PBXContainerItemProxy */;
		};
/* End PBXTargetDependency section */

/* Begin XCBuildConfiguration section */
		C00663122CA34D4F0070C53B /* Debug */ = {
			isa = XCBuildConfiguration;
			buildSettings = {
				ALWAYS_SEARCH_USER_PATHS = NO;
				ASSETCATALOG_COMPILER_GENERATE_SWIFT_ASSET_SYMBOL_EXTENSIONS = YES;
				CLANG_ANALYZER_NONNULL = YES;
				CLANG_ANALYZER_NUMBER_OBJECT_CONVERSION = YES_AGGRESSIVE;
				CLANG_CXX_LANGUAGE_STANDARD = "gnu++20";
				CLANG_ENABLE_MODULES = YES;
				CLANG_ENABLE_OBJC_ARC = YES;
				CLANG_ENABLE_OBJC_WEAK = YES;
				CLANG_WARN_BLOCK_CAPTURE_AUTORELEASING = YES;
				CLANG_WARN_BOOL_CONVERSION = YES;
				CLANG_WARN_COMMA = YES;
				CLANG_WARN_CONSTANT_CONVERSION = YES;
				CLANG_WARN_DEPRECATED_OBJC_IMPLEMENTATIONS = YES;
				CLANG_WARN_DIRECT_OBJC_ISA_USAGE = YES_ERROR;
				CLANG_WARN_DOCUMENTATION_COMMENTS = YES;
				CLANG_WARN_EMPTY_BODY = YES;
				CLANG_WARN_ENUM_CONVERSION = YES;
				CLANG_WARN_INFINITE_RECURSION = YES;
				CLANG_WARN_INT_CONVERSION = YES;
				CLANG_WARN_NON_LITERAL_NULL_CONVERSION = YES;
				CLANG_WARN_OBJC_IMPLICIT_RETAIN_SELF = YES;
				CLANG_WARN_OBJC_LITERAL_CONVERSION = YES;
				CLANG_WARN_OBJC_ROOT_CLASS = YES_ERROR;
				CLANG_WARN_QUOTED_INCLUDE_IN_FRAMEWORK_HEADER = YES;
				CLANG_WARN_RANGE_LOOP_ANALYSIS = YES;
				CLANG_WARN_STRICT_PROTOTYPES = YES;
				CLANG_WARN_SUSPICIOUS_MOVE = YES;
				CLANG_WARN_UNGUARDED_AVAILABILITY = YES_AGGRESSIVE;
				CLANG_WARN_UNREACHABLE_CODE = YES;
				CLANG_WARN__DUPLICATE_METHOD_MATCH = YES;
				COPY_PHASE_STRIP = NO;
				DEBUG_INFORMATION_FORMAT = dwarf;
				ENABLE_STRICT_OBJC_MSGSEND = YES;
				ENABLE_TESTABILITY = YES;
				ENABLE_USER_SCRIPT_SANDBOXING = YES;
				GCC_C_LANGUAGE_STANDARD = gnu17;
				GCC_DYNAMIC_NO_PIC = NO;
				GCC_NO_COMMON_BLOCKS = YES;
				GCC_OPTIMIZATION_LEVEL = 0;
				GCC_PREPROCESSOR_DEFINITIONS = (
					"DEBUG=1",
					"$(inherited)",
				);
				GCC_WARN_64_TO_32_BIT_CONVERSION = YES;
				GCC_WARN_ABOUT_RETURN_TYPE = YES_ERROR;
				GCC_WARN_UNDECLARED_SELECTOR = YES;
				GCC_WARN_UNINITIALIZED_AUTOS = YES_AGGRESSIVE;
				GCC_WARN_UNUSED_FUNCTION = YES;
				GCC_WARN_UNUSED_VARIABLE = YES;
				IPHONEOS_DEPLOYMENT_TARGET = 17.5;
				LOCALIZATION_PREFERS_STRING_CATALOGS = YES;
				MTL_ENABLE_DEBUG_INFO = INCLUDE_SOURCE;
				MTL_FAST_MATH = YES;
				ONLY_ACTIVE_ARCH = YES;
				SDKROOT = iphoneos;
				SWIFT_ACTIVE_COMPILATION_CONDITIONS = "DEBUG $(inherited)";
				SWIFT_OPTIMIZATION_LEVEL = "-Onone";
			};
			name = Debug;
		};
		C00663132CA34D4F0070C53B /* Release */ = {
			isa = XCBuildConfiguration;
			buildSettings = {
				ALWAYS_SEARCH_USER_PATHS = NO;
				ASSETCATALOG_COMPILER_GENERATE_SWIFT_ASSET_SYMBOL_EXTENSIONS = YES;
				CLANG_ANALYZER_NONNULL = YES;
				CLANG_ANALYZER_NUMBER_OBJECT_CONVERSION = YES_AGGRESSIVE;
				CLANG_CXX_LANGUAGE_STANDARD = "gnu++20";
				CLANG_ENABLE_MODULES = YES;
				CLANG_ENABLE_OBJC_ARC = YES;
				CLANG_ENABLE_OBJC_WEAK = YES;
				CLANG_WARN_BLOCK_CAPTURE_AUTORELEASING = YES;
				CLANG_WARN_BOOL_CONVERSION = YES;
				CLANG_WARN_COMMA = YES;
				CLANG_WARN_CONSTANT_CONVERSION = YES;
				CLANG_WARN_DEPRECATED_OBJC_IMPLEMENTATIONS = YES;
				CLANG_WARN_DIRECT_OBJC_ISA_USAGE = YES_ERROR;
				CLANG_WARN_DOCUMENTATION_COMMENTS = YES;
				CLANG_WARN_EMPTY_BODY = YES;
				CLANG_WARN_ENUM_CONVERSION = YES;
				CLANG_WARN_INFINITE_RECURSION = YES;
				CLANG_WARN_INT_CONVERSION = YES;
				CLANG_WARN_NON_LITERAL_NULL_CONVERSION = YES;
				CLANG_WARN_OBJC_IMPLICIT_RETAIN_SELF = YES;
				CLANG_WARN_OBJC_LITERAL_CONVERSION = YES;
				CLANG_WARN_OBJC_ROOT_CLASS = YES_ERROR;
				CLANG_WARN_QUOTED_INCLUDE_IN_FRAMEWORK_HEADER = YES;
				CLANG_WARN_RANGE_LOOP_ANALYSIS = YES;
				CLANG_WARN_STRICT_PROTOTYPES = YES;
				CLANG_WARN_SUSPICIOUS_MOVE = YES;
				CLANG_WARN_UNGUARDED_AVAILABILITY = YES_AGGRESSIVE;
				CLANG_WARN_UNREACHABLE_CODE = YES;
				CLANG_WARN__DUPLICATE_METHOD_MATCH = YES;
				COPY_PHASE_STRIP = NO;
				DEBUG_INFORMATION_FORMAT = "dwarf-with-dsym";
				ENABLE_NS_ASSERTIONS = NO;
				ENABLE_STRICT_OBJC_MSGSEND = YES;
				ENABLE_USER_SCRIPT_SANDBOXING = YES;
				GCC_C_LANGUAGE_STANDARD = gnu17;
				GCC_NO_COMMON_BLOCKS = YES;
				GCC_WARN_64_TO_32_BIT_CONVERSION = YES;
				GCC_WARN_ABOUT_RETURN_TYPE = YES_ERROR;
				GCC_WARN_UNDECLARED_SELECTOR = YES;
				GCC_WARN_UNINITIALIZED_AUTOS = YES_AGGRESSIVE;
				GCC_WARN_UNUSED_FUNCTION = YES;
				GCC_WARN_UNUSED_VARIABLE = YES;
				IPHONEOS_DEPLOYMENT_TARGET = 17.5;
				LOCALIZATION_PREFERS_STRING_CATALOGS = YES;
				MTL_ENABLE_DEBUG_INFO = NO;
				MTL_FAST_MATH = YES;
				SDKROOT = iphoneos;
				SWIFT_COMPILATION_MODE = wholemodule;
				VALIDATE_PRODUCT = YES;
			};
			name = Release;
		};
		C00663152CA34D4F0070C53B /* Debug */ = {
			isa = XCBuildConfiguration;
			buildSettings = {
				ASSETCATALOG_COMPILER_APPICON_NAME = AppIcon;
				ASSETCATALOG_COMPILER_GLOBAL_ACCENT_COLOR_NAME = AccentColor;
				CODE_SIGN_STYLE = Automatic;
				CURRENT_PROJECT_VERSION = 1;
				DEVELOPMENT_ASSET_PATHS = "\"WeatherNow/Preview Content\"";
				DEVELOPMENT_TEAM = YUPQ2JVR7Q;
				ENABLE_PREVIEWS = YES;
				GENERATE_INFOPLIST_FILE = YES;
				INFOPLIST_KEY_UIApplicationSceneManifest_Generation = YES;
				INFOPLIST_KEY_UIApplicationSupportsIndirectInputEvents = YES;
				INFOPLIST_KEY_UILaunchScreen_Generation = YES;
				INFOPLIST_KEY_UISupportedInterfaceOrientations_iPad = "UIInterfaceOrientationPortrait UIInterfaceOrientationPortraitUpsideDown UIInterfaceOrientationLandscapeLeft UIInterfaceOrientationLandscapeRight";
				INFOPLIST_KEY_UISupportedInterfaceOrientations_iPhone = "UIInterfaceOrientationPortrait UIInterfaceOrientationLandscapeLeft UIInterfaceOrientationLandscapeRight";
				LD_RUNPATH_SEARCH_PATHS = (
					"$(inherited)",
					"@executable_path/Frameworks",
				);
				MARKETING_VERSION = 1.0;
				PRODUCT_BUNDLE_IDENTIFIER = com.griffoem.WeatherNow;
				PRODUCT_NAME = "$(TARGET_NAME)";
				SWIFT_EMIT_LOC_STRINGS = YES;
				SWIFT_VERSION = 5.0;
				TARGETED_DEVICE_FAMILY = "1,2";
			};
			name = Debug;
		};
		C00663162CA34D4F0070C53B /* Release */ = {
			isa = XCBuildConfiguration;
			buildSettings = {
				ASSETCATALOG_COMPILER_APPICON_NAME = AppIcon;
				ASSETCATALOG_COMPILER_GLOBAL_ACCENT_COLOR_NAME = AccentColor;
				CODE_SIGN_STYLE = Automatic;
				CURRENT_PROJECT_VERSION = 1;
				DEVELOPMENT_ASSET_PATHS = "\"WeatherNow/Preview Content\"";
				DEVELOPMENT_TEAM = YUPQ2JVR7Q;
				ENABLE_PREVIEWS = YES;
				GENERATE_INFOPLIST_FILE = YES;
				INFOPLIST_KEY_UIApplicationSceneManifest_Generation = YES;
				INFOPLIST_KEY_UIApplicationSupportsIndirectInputEvents = YES;
				INFOPLIST_KEY_UILaunchScreen_Generation = YES;
				INFOPLIST_KEY_UISupportedInterfaceOrientations_iPad = "UIInterfaceOrientationPortrait UIInterfaceOrientationPortraitUpsideDown UIInterfaceOrientationLandscapeLeft UIInterfaceOrientationLandscapeRight";
				INFOPLIST_KEY_UISupportedInterfaceOrientations_iPhone = "UIInterfaceOrientationPortrait UIInterfaceOrientationLandscapeLeft UIInterfaceOrientationLandscapeRight";
				LD_RUNPATH_SEARCH_PATHS = (
					"$(inherited)",
					"@executable_path/Frameworks",
				);
				MARKETING_VERSION = 1.0;
				PRODUCT_BUNDLE_IDENTIFIER = com.griffoem.WeatherNow;
				PRODUCT_NAME = "$(TARGET_NAME)";
				SWIFT_EMIT_LOC_STRINGS = YES;
				SWIFT_VERSION = 5.0;
				TARGETED_DEVICE_FAMILY = "1,2";
			};
			name = Release;
		};
		C00663182CA34D4F0070C53B /* Debug */ = {
			isa = XCBuildConfiguration;
			buildSettings = {
				ALWAYS_EMBED_SWIFT_STANDARD_LIBRARIES = YES;
				BUNDLE_LOADER = "$(TEST_HOST)";
				CODE_SIGN_STYLE = Automatic;
				CURRENT_PROJECT_VERSION = 1;
				DEVELOPMENT_TEAM = YUPQ2JVR7Q;
				GENERATE_INFOPLIST_FILE = YES;
				IPHONEOS_DEPLOYMENT_TARGET = 17.5;
				MARKETING_VERSION = 1.0;
				PRODUCT_BUNDLE_IDENTIFIER = com.griffoem.WeatherNowTests;
				PRODUCT_NAME = "$(TARGET_NAME)";
				SWIFT_EMIT_LOC_STRINGS = NO;
				SWIFT_VERSION = 5.0;
				TARGETED_DEVICE_FAMILY = "1,2";
				TEST_HOST = "$(BUILT_PRODUCTS_DIR)/WeatherNow.app/$(BUNDLE_EXECUTABLE_FOLDER_PATH)/WeatherNow";
			};
			name = Debug;
		};
		C00663192CA34D4F0070C53B /* Release */ = {
			isa = XCBuildConfiguration;
			buildSettings = {
				ALWAYS_EMBED_SWIFT_STANDARD_LIBRARIES = YES;
				BUNDLE_LOADER = "$(TEST_HOST)";
				CODE_SIGN_STYLE = Automatic;
				CURRENT_PROJECT_VERSION = 1;
				DEVELOPMENT_TEAM = YUPQ2JVR7Q;
				GENERATE_INFOPLIST_FILE = YES;
				IPHONEOS_DEPLOYMENT_TARGET = 17.5;
				MARKETING_VERSION = 1.0;
				PRODUCT_BUNDLE_IDENTIFIER = com.griffoem.WeatherNowTests;
				PRODUCT_NAME = "$(TARGET_NAME)";
				SWIFT_EMIT_LOC_STRINGS = NO;
				SWIFT_VERSION = 5.0;
				TARGETED_DEVICE_FAMILY = "1,2";
				TEST_HOST = "$(BUILT_PRODUCTS_DIR)/WeatherNow.app/$(BUNDLE_EXECUTABLE_FOLDER_PATH)/WeatherNow";
			};
			name = Release;
		};
		C006631B2CA34D4F0070C53B /* Debug */ = {
			isa = XCBuildConfiguration;
			buildSettings = {
				ALWAYS_EMBED_SWIFT_STANDARD_LIBRARIES = YES;
				CODE_SIGN_STYLE = Automatic;
				CURRENT_PROJECT_VERSION = 1;
				DEVELOPMENT_TEAM = YUPQ2JVR7Q;
				GENERATE_INFOPLIST_FILE = YES;
				MARKETING_VERSION = 1.0;
				PRODUCT_BUNDLE_IDENTIFIER = com.griffoem.WeatherNowUITests;
				PRODUCT_NAME = "$(TARGET_NAME)";
				SWIFT_EMIT_LOC_STRINGS = NO;
				SWIFT_VERSION = 5.0;
				TARGETED_DEVICE_FAMILY = "1,2";
				TEST_TARGET_NAME = WeatherNow;
			};
			name = Debug;
		};
		C006631C2CA34D4F0070C53B /* Release */ = {
			isa = XCBuildConfiguration;
			buildSettings = {
				ALWAYS_EMBED_SWIFT_STANDARD_LIBRARIES = YES;
				CODE_SIGN_STYLE = Automatic;
				CURRENT_PROJECT_VERSION = 1;
				DEVELOPMENT_TEAM = YUPQ2JVR7Q;
				GENERATE_INFOPLIST_FILE = YES;
				MARKETING_VERSION = 1.0;
				PRODUCT_BUNDLE_IDENTIFIER = com.griffoem.WeatherNowUITests;
				PRODUCT_NAME = "$(TARGET_NAME)";
				SWIFT_EMIT_LOC_STRINGS = NO;
				SWIFT_VERSION = 5.0;
				TARGETED_DEVICE_FAMILY = "1,2";
				TEST_TARGET_NAME = WeatherNow;
			};
			name = Release;
		};
/* End XCBuildConfiguration section */

/* Begin XCConfigurationList section */
		C00662EB2CA34D4E0070C53B /* Build configuration list for PBXProject "WeatherNow" */ = {
			isa = XCConfigurationList;
			buildConfigurations = (
				C00663122CA34D4F0070C53B /* Debug */,
				C00663132CA34D4F0070C53B /* Release */,
			);
			defaultConfigurationIsVisible = 0;
			defaultConfigurationName = Release;
		};
		C00663142CA34D4F0070C53B /* Build configuration list for PBXNativeTarget "WeatherNow" */ = {
			isa = XCConfigurationList;
			buildConfigurations = (
				C00663152CA34D4F0070C53B /* Debug */,
				C00663162CA34D4F0070C53B /* Release */,
			);
			defaultConfigurationIsVisible = 0;
			defaultConfigurationName = Release;
		};
		C00663172CA34D4F0070C53B /* Build configuration list for PBXNativeTarget "WeatherNowTests" */ = {
			isa = XCConfigurationList;
			buildConfigurations = (
				C00663182CA34D4F0070C53B /* Debug */,
				C00663192CA34D4F0070C53B /* Release */,
			);
			defaultConfigurationIsVisible = 0;
			defaultConfigurationName = Release;
		};
		C006631A2CA34D4F0070C53B /* Build configuration list for PBXNativeTarget "WeatherNowUITests" */ = {
			isa = XCConfigurationList;
			buildConfigurations = (
				C006631B2CA34D4F0070C53B /* Debug */,
				C006631C2CA34D4F0070C53B /* Release */,
			);
			defaultConfigurationIsVisible = 0;
			defaultConfigurationName = Release;
		};
/* End XCConfigurationList section */
	};
	rootObject = C00662E82CA34D4E0070C53B /* Project object */;
}
